Microsoft Visual Studio Solution File, Format Version 12.00
# Visual Studio Version 17
VisualStudioVersion = 17.9.34310.174
MinimumVisualStudioVersion = 10.0.40219.1
Project("{2150E333-8FDC-42A3-9474-1A3956D46DE8}") = "extensions", "extensions", "{155DA079-E267-49AF-973A-D1D44681970F}"
EndProject
Project("{2150E333-8FDC-42A3-9474-1A3956D46DE8}") = "service", "service", "{87DEAE8D-138C-4FDD-B4C9-11C3A7817E8F}"
EndProject
Project("{9A19103F-16F7-4668-BE54-9A1E7A4F7556}") = "Abstractions", "service\Abstractions\Abstractions.csproj", "{8A9FA587-7EBA-4D43-BE47-38D798B1C74C}"
EndProject
Project("{9A19103F-16F7-4668-BE54-9A1E7A4F7556}") = "Core", "service\Core\Core.csproj", "{27910ADC-5A28-4EB4-A16E-974B91940758}"
EndProject
Project("{9A19103F-16F7-4668-BE54-9A1E7A4F7556}") = "Service", "service\Service\Service.csproj", "{1071A8B6-ED76-4E46-A291-E0563B9C4575}"
EndProject
Project("{9A19103F-16F7-4668-BE54-9A1E7A4F7556}") = "AzureBlobs", "extensions\AzureBlobs\AzureBlobs.csproj", "{20FFF62D-5BA5-4126-A16C-C14E1FF35A4F}"
EndProject
Project("{9A19103F-16F7-4668-BE54-9A1E7A4F7556}") = "AzureQueues", "extensions\AzureQueues\AzureQueues.csproj", "{40CB6452-68DD-4C78-9852-78281A161950}"
EndProject
Project("{9A19103F-16F7-4668-BE54-9A1E7A4F7556}") = "AzureAIDocIntel", "extensions\AzureAIDocIntel\AzureAIDocIntel.csproj", "{CFE7C192-2561-40CC-8592-136293451EC1}"
EndProject
Project("{9A19103F-16F7-4668-BE54-9A1E7A4F7556}") = "AzureOpenAI", "extensions\AzureOpenAI\AzureOpenAI.csproj", "{93FA6DD6-D0B2-4751-8680-3F959E1F7AF2}"
EndProject
Project("{9A19103F-16F7-4668-BE54-9A1E7A4F7556}") = "AzureAISearch", "extensions\AzureAISearch\AzureAISearch\AzureAISearch.csproj", "{8F2185AB-F87C-4DD0-9DB8-E97920500A37}"
EndProject
Project("{9A19103F-16F7-4668-BE54-9A1E7A4F7556}") = "Service.AspNetCore", "service\Service.AspNetCore\Service.AspNetCore.csproj", "{A46B0BE1-03F2-4520-A3DA-FD845BA1FD69}"
EndProject
Project("{2150E333-8FDC-42A3-9474-1A3956D46DE8}") = "applications", "applications", "{DBEA0A6B-474A-4E8C-BCC8-D5D43C063A54}"
EndProject
Project("{2150E333-8FDC-42A3-9474-1A3956D46DE8}") = "clients", "clients", "{D2332B49-89E5-4F80-84EB-F40DDD7E44A2}"
EndProject
Project("{2150E333-8FDC-42A3-9474-1A3956D46DE8}") = "dotnet", "dotnet", "{B3550952-AB72-4E84-998C-B58E0CA539ED}"
EndProject
Project("{9A19103F-16F7-4668-BE54-9A1E7A4F7556}") = "WebClient", "clients\dotnet\WebClient\WebClient.csproj", "{B9940086-4827-4196-B045-294AA6429F75}"
EndProject
Global
	GlobalSection(SolutionConfigurationPlatforms) = preSolution
		Debug|Any CPU = Debug|Any CPU
		Release|Any CPU = Release|Any CPU
	EndGlobalSection
	GlobalSection(ProjectConfigurationPlatforms) = postSolution
		{8A9FA587-7EBA-4D43-BE47-38D798B1C74C}.Debug|Any CPU.ActiveCfg = Debug|Any CPU
		{8A9FA587-7EBA-4D43-BE47-38D798B1C74C}.Debug|Any CPU.Build.0 = Debug|Any CPU
		{8A9FA587-7EBA-4D43-BE47-38D798B1C74C}.Release|Any CPU.ActiveCfg = Release|Any CPU
		{8A9FA587-7EBA-4D43-BE47-38D798B1C74C}.Release|Any CPU.Build.0 = Release|Any CPU
		{27910ADC-5A28-4EB4-A16E-974B91940758}.Debug|Any CPU.ActiveCfg = Debug|Any CPU
		{27910ADC-5A28-4EB4-A16E-974B91940758}.Debug|Any CPU.Build.0 = Debug|Any CPU
		{27910ADC-5A28-4EB4-A16E-974B91940758}.Release|Any CPU.ActiveCfg = Release|Any CPU
		{27910ADC-5A28-4EB4-A16E-974B91940758}.Release|Any CPU.Build.0 = Release|Any CPU
		{1071A8B6-ED76-4E46-A291-E0563B9C4575}.Debug|Any CPU.ActiveCfg = Debug|Any CPU
		{1071A8B6-ED76-4E46-A291-E0563B9C4575}.Debug|Any CPU.Build.0 = Debug|Any CPU
		{1071A8B6-ED76-4E46-A291-E0563B9C4575}.Release|Any CPU.ActiveCfg = Release|Any CPU
		{1071A8B6-ED76-4E46-A291-E0563B9C4575}.Release|Any CPU.Build.0 = Release|Any CPU
		{20FFF62D-5BA5-4126-A16C-C14E1FF35A4F}.Debug|Any CPU.ActiveCfg = Debug|Any CPU
		{20FFF62D-5BA5-4126-A16C-C14E1FF35A4F}.Debug|Any CPU.Build.0 = Debug|Any CPU
		{20FFF62D-5BA5-4126-A16C-C14E1FF35A4F}.Release|Any CPU.ActiveCfg = Release|Any CPU
		{20FFF62D-5BA5-4126-A16C-C14E1FF35A4F}.Release|Any CPU.Build.0 = Release|Any CPU
		{40CB6452-68DD-4C78-9852-78281A161950}.Debug|Any CPU.ActiveCfg = Debug|Any CPU
		{40CB6452-68DD-4C78-9852-78281A161950}.Debug|Any CPU.Build.0 = Debug|Any CPU
		{40CB6452-68DD-4C78-9852-78281A161950}.Release|Any CPU.ActiveCfg = Release|Any CPU
		{40CB6452-68DD-4C78-9852-78281A161950}.Release|Any CPU.Build.0 = Release|Any CPU
		{CFE7C192-2561-40CC-8592-136293451EC1}.Debug|Any CPU.ActiveCfg = Debug|Any CPU
		{CFE7C192-2561-40CC-8592-136293451EC1}.Debug|Any CPU.Build.0 = Debug|Any CPU
		{CFE7C192-2561-40CC-8592-136293451EC1}.Release|Any CPU.ActiveCfg = Release|Any CPU
		{CFE7C192-2561-40CC-8592-136293451EC1}.Release|Any CPU.Build.0 = Release|Any CPU
		{93FA6DD6-D0B2-4751-8680-3F959E1F7AF2}.Debug|Any CPU.ActiveCfg = Debug|Any CPU
		{93FA6DD6-D0B2-4751-8680-3F959E1F7AF2}.Debug|Any CPU.Build.0 = Debug|Any CPU
		{93FA6DD6-D0B2-4751-8680-3F959E1F7AF2}.Release|Any CPU.ActiveCfg = Release|Any CPU
		{93FA6DD6-D0B2-4751-8680-3F959E1F7AF2}.Release|Any CPU.Build.0 = Release|Any CPU
		{8F2185AB-F87C-4DD0-9DB8-E97920500A37}.Debug|Any CPU.ActiveCfg = Debug|Any CPU
		{8F2185AB-F87C-4DD0-9DB8-E97920500A37}.Debug|Any CPU.Build.0 = Debug|Any CPU
		{8F2185AB-F87C-4DD0-9DB8-E97920500A37}.Release|Any CPU.ActiveCfg = Release|Any CPU
		{8F2185AB-F87C-4DD0-9DB8-E97920500A37}.Release|Any CPU.Build.0 = Release|Any CPU
		{A46B0BE1-03F2-4520-A3DA-FD845BA1FD69}.Debug|Any CPU.ActiveCfg = Debug|Any CPU
		{A46B0BE1-03F2-4520-A3DA-FD845BA1FD69}.Debug|Any CPU.Build.0 = Debug|Any CPU
		{A46B0BE1-03F2-4520-A3DA-FD845BA1FD69}.Release|Any CPU.ActiveCfg = Release|Any CPU
		{A46B0BE1-03F2-4520-A3DA-FD845BA1FD69}.Release|Any CPU.Build.0 = Release|Any CPU
		{B9940086-4827-4196-B045-294AA6429F75}.Debug|Any CPU.ActiveCfg = Debug|Any CPU
		{B9940086-4827-4196-B045-294AA6429F75}.Debug|Any CPU.Build.0 = Debug|Any CPU
		{B9940086-4827-4196-B045-294AA6429F75}.Release|Any CPU.ActiveCfg = Release|Any CPU
		{B9940086-4827-4196-B045-294AA6429F75}.Release|Any CPU.Build.0 = Release|Any CPU
	EndGlobalSection
	GlobalSection(SolutionProperties) = preSolution
		HideSolutionNode = FALSE
	EndGlobalSection
	GlobalSection(NestedProjects) = preSolution
		{8A9FA587-7EBA-4D43-BE47-38D798B1C74C} = {87DEAE8D-138C-4FDD-B4C9-11C3A7817E8F}
		{27910ADC-5A28-4EB4-A16E-974B91940758} = {87DEAE8D-138C-4FDD-B4C9-11C3A7817E8F}
		{1071A8B6-ED76-4E46-A291-E0563B9C4575} = {87DEAE8D-138C-4FDD-B4C9-11C3A7817E8F}
		{20FFF62D-5BA5-4126-A16C-C14E1FF35A4F} = {155DA079-E267-49AF-973A-D1D44681970F}
		{40CB6452-68DD-4C78-9852-78281A161950} = {155DA079-E267-49AF-973A-D1D44681970F}
		{CFE7C192-2561-40CC-8592-136293451EC1} = {155DA079-E267-49AF-973A-D1D44681970F}
		{93FA6DD6-D0B2-4751-8680-3F959E1F7AF2} = {155DA079-E267-49AF-973A-D1D44681970F}
		{8F2185AB-F87C-4DD0-9DB8-E97920500A37} = {155DA079-E267-49AF-973A-D1D44681970F}
		{A46B0BE1-03F2-4520-A3DA-FD845BA1FD69} = {87DEAE8D-138C-4FDD-B4C9-11C3A7817E8F}
		{B3550952-AB72-4E84-998C-B58E0CA539ED} = {D2332B49-89E5-4F80-84EB-F40DDD7E44A2}
		{B9940086-4827-4196-B045-294AA6429F75} = {B3550952-AB72-4E84-998C-B58E0CA539ED}
	EndGlobalSection
	GlobalSection(ExtensibilityGlobals) = postSolution
		SolutionGuid = {CC136C62-115C-41D1-B414-F9473EFF6EA8}
	EndGlobalSection
EndGlobal
